
Microsoft Visual Studio Solution File, Format Version 12.00
# Visual Studio Version 17
VisualStudioVersion = 17.2.32630.192
MinimumVisualStudioVersion = 10.0.40219.1
Project("{FAE04EC0-301F-11D3-BF4B-00C04F79EFBC}") = "Stock", "Stock\Stock.csproj", "{76A4CC29-E682-4DA5-BD93-099091330CC6}"
EndProject
Project("{FAE04EC0-301F-11D3-BF4B-00C04F79EFBC}") = "AccesoDB", "AccesoDB\AccesoDB.csproj", "{8CC98D7C-677F-4040-BF89-D2EDD35FF95E}"
EndProject
Project("{FAE04EC0-301F-11D3-BF4B-00C04F79EFBC}") = "Elementos", "Elementos\Elementos.csproj", "{2A03C4C8-89F9-4177-84E2-D7CE160F9A7A}"
EndProject
Global
	GlobalSection(SolutionConfigurationPlatforms) = preSolution
		Debug|Any CPU = Debug|Any CPU
		Release|Any CPU = Release|Any CPU
	EndGlobalSection
	GlobalSection(ProjectConfigurationPlatforms) = postSolution
		{76A4CC29-E682-4DA5-BD93-099091330CC6}.Debug|Any CPU.ActiveCfg = Debug|Any CPU
		{76A4CC29-E682-4DA5-BD93-099091330CC6}.Debug|Any CPU.Build.0 = Debug|Any CPU
		{76A4CC29-E682-4DA5-BD93-099091330CC6}.Release|Any CPU.ActiveCfg = Release|Any CPU
		{76A4CC29-E682-4DA5-BD93-099091330CC6}.Release|Any CPU.Build.0 = Release|Any CPU
		{8CC98D7C-677F-4040-BF89-D2EDD35FF95E}.Debug|Any CPU.ActiveCfg = Debug|Any CPU
		{8CC98D7C-677F-4040-BF89-D2EDD35FF95E}.Debug|Any CPU.Build.0 = Debug|Any CPU
		{8CC98D7C-677F-4040-BF89-D2EDD35FF95E}.Release|Any CPU.ActiveCfg = Release|Any CPU
		{8CC98D7C-677F-4040-BF89-D2EDD35FF95E}.Release|Any CPU.Build.0 = Release|Any CPU
		{2A03C4C8-89F9-4177-84E2-D7CE160F9A7A}.Debug|Any CPU.ActiveCfg = Debug|Any CPU
		{2A03C4C8-89F9-4177-84E2-D7CE160F9A7A}.Debug|Any CPU.Build.0 = Debug|Any CPU
		{2A03C4C8-89F9-4177-84E2-D7CE160F9A7A}.Release|Any CPU.ActiveCfg = Release|Any CPU
		{2A03C4C8-89F9-4177-84E2-D7CE160F9A7A}.Release|Any CPU.Build.0 = Release|Any CPU
	EndGlobalSection
	GlobalSection(SolutionProperties) = preSolution
		HideSolutionNode = FALSE
	EndGlobalSection
	GlobalSection(ExtensibilityGlobals) = postSolution
		SolutionGuid = {352544B4-CD7D-4E3D-9612-5092E18E0386}
	EndGlobalSection
EndGlobal
